
Microsoft Visual Studio Solution File, Format Version 12.00
Project("{FAE04EC0-301F-11D3-BF4B-00C04F79EFBC}") = "AirportSimulationSystem", "AirportSimulationSystem\AirportSimulationSystem.csproj", "{73532522-3500-4289-8767-5D340F901C9F}"
EndProject
Global
	GlobalSection(SolutionConfigurationPlatforms) = preSolution
		Debug|Any CPU = Debug|Any CPU
		Release|Any CPU = Release|Any CPU
	EndGlobalSection
	GlobalSection(ProjectConfigurationPlatforms) = postSolution
		{73532522-3500-4289-8767-5D340F901C9F}.Debug|Any CPU.ActiveCfg = Debug|Any CPU
		{73532522-3500-4289-8767-5D340F901C9F}.Debug|Any CPU.Build.0 = Debug|Any CPU
		{73532522-3500-4289-8767-5D340F901C9F}.Release|Any CPU.ActiveCfg = Release|Any CPU
		{73532522-3500-4289-8767-5D340F901C9F}.Release|Any CPU.Build.0 = Release|Any CPU
	EndGlobalSection
EndGlobal
